// !$*UTF8*$!
{
	archiveVersion = 1;
	classes = {
	};
	objectVersion = 50;
	objects = {

/* Begin PBXBuildFile section */
		76B4105722ED1D6500B993A3 /* AppDelegate.swift in Sources */ = {isa = PBXBuildFile; fileRef = 76B4105622ED1D6500B993A3 /* AppDelegate.swift */; };
		76B4105C22ED1D6500B993A3 /* Main.storyboard in Resources */ = {isa = PBXBuildFile; fileRef = 76B4105A22ED1D6500B993A3 /* Main.storyboard */; };
		76B4105F22ED1D6500B993A3 /* Virtual_Tourist.xcdatamodeld in Sources */ = {isa = PBXBuildFile; fileRef = 76B4105D22ED1D6500B993A3 /* Virtual_Tourist.xcdatamodeld */; };
		76B4106122ED1D6500B993A3 /* Assets.xcassets in Resources */ = {isa = PBXBuildFile; fileRef = 76B4106022ED1D6500B993A3 /* Assets.xcassets */; };
		76B4106422ED1D6500B993A3 /* LaunchScreen.storyboard in Resources */ = {isa = PBXBuildFile; fileRef = 76B4106222ED1D6500B993A3 /* LaunchScreen.storyboard */; };
		76B4106C22ED1DAF00B993A3 /* TravelLocationMapViewController.swift in Sources */ = {isa = PBXBuildFile; fileRef = 76B4106B22ED1DAF00B993A3 /* TravelLocationMapViewController.swift */; };
		76B4106F22ED1DEC00B993A3 /* PhotoAlbumViewController.swift in Sources */ = {isa = PBXBuildFile; fileRef = 76B4106E22ED1DEC00B993A3 /* PhotoAlbumViewController.swift */; };
		76B4107222ED239700B993A3 /* DataController.swift in Sources */ = {isa = PBXBuildFile; fileRef = 76B4107122ED239700B993A3 /* DataController.swift */; };
		76F30A7622EDD5AC000AEA13 /* FlickrClient.swift in Sources */ = {isa = PBXBuildFile; fileRef = 76F30A7522EDD5AC000AEA13 /* FlickrClient.swift */; };
		76F30A7822EDD6EB000AEA13 /* FlickerConstants.swift in Sources */ = {isa = PBXBuildFile; fileRef = 76F30A7722EDD6EB000AEA13 /* FlickerConstants.swift */; };
		76F30A7B22EDF0A3000AEA13 /* LocationImageCollectionViewCell.swift in Sources */ = {isa = PBXBuildFile; fileRef = 76F30A7A22EDF0A3000AEA13 /* LocationImageCollectionViewCell.swift */; };
/* End PBXBuildFile section */

/* Begin PBXFileReference section */
		76B4105322ED1D6500B993A3 /* Virtual Tourist.app */ = {isa = PBXFileReference; explicitFileType = wrapper.application; includeInIndex = 0; path = "Virtual Tourist.app"; sourceTree = BUILT_PRODUCTS_DIR; };
		76B4105622ED1D6500B993A3 /* AppDelegate.swift */ = {isa = PBXFileReference; lastKnownFileType = sourcecode.swift; path = AppDelegate.swift; sourceTree = "<group>"; };
		76B4105B22ED1D6500B993A3 /* Base */ = {isa = PBXFileReference; lastKnownFileType = file.storyboard; name = Base; path = Base.lproj/Main.storyboard; sourceTree = "<group>"; };
		76B4105E22ED1D6500B993A3 /* Virtual_Tourist.xcdatamodel */ = {isa = PBXFileReference; lastKnownFileType = wrapper.xcdatamodel; path = Virtual_Tourist.xcdatamodel; sourceTree = "<group>"; };
		76B4106022ED1D6500B993A3 /* Assets.xcassets */ = {isa = PBXFileReference; lastKnownFileType = folder.assetcatalog; path = Assets.xcassets; sourceTree = "<group>"; };
		76B4106322ED1D6500B993A3 /* Base */ = {isa = PBXFileReference; lastKnownFileType = file.storyboard; name = Base; path = Base.lproj/LaunchScreen.storyboard; sourceTree = "<group>"; };
		76B4106B22ED1DAF00B993A3 /* TravelLocationMapViewController.swift */ = {isa = PBXFileReference; lastKnownFileType = sourcecode.swift; path = TravelLocationMapViewController.swift; sourceTree = "<group>"; };
		76B4106E22ED1DEC00B993A3 /* PhotoAlbumViewController.swift */ = {isa = PBXFileReference; lastKnownFileType = sourcecode.swift; path = PhotoAlbumViewController.swift; sourceTree = "<group>"; };
		76B4107122ED239700B993A3 /* DataController.swift */ = {isa = PBXFileReference; lastKnownFileType = sourcecode.swift; path = DataController.swift; sourceTree = "<group>"; };
		76F30A7522EDD5AC000AEA13 /* FlickrClient.swift */ = {isa = PBXFileReference; lastKnownFileType = sourcecode.swift; path = FlickrClient.swift; sourceTree = "<group>"; };
		76F30A7722EDD6EB000AEA13 /* FlickerConstants.swift */ = {isa = PBXFileReference; lastKnownFileType = sourcecode.swift; path = FlickerConstants.swift; sourceTree = "<group>"; };
		76F30A7A22EDF0A3000AEA13 /* LocationImageCollectionViewCell.swift */ = {isa = PBXFileReference; lastKnownFileType = sourcecode.swift; path = LocationImageCollectionViewCell.swift; sourceTree = "<group>"; };
/* End PBXFileReference section */

/* Begin PBXFrameworksBuildPhase section */
		76B4105022ED1D6500B993A3 /* Frameworks */ = {
			isa = PBXFrameworksBuildPhase;
			buildActionMask = 2147483647;
			files = (
			);
			runOnlyForDeploymentPostprocessing = 0;
		};
/* End PBXFrameworksBuildPhase section */

/* Begin PBXGroup section */
		76B4104A22ED1D6500B993A3 = {
			isa = PBXGroup;
			children = (
				76B4105522ED1D6500B993A3 /* Virtual Tourist */,
				76B4105422ED1D6500B993A3 /* Products */,
			);
			sourceTree = "<group>";
		};
		76B4105422ED1D6500B993A3 /* Products */ = {
			isa = PBXGroup;
			children = (
				76B4105322ED1D6500B993A3 /* Virtual Tourist.app */,
			);
			name = Products;
			sourceTree = "<group>";
		};
		76B4105522ED1D6500B993A3 /* Virtual Tourist */ = {
			isa = PBXGroup;
			children = (
				76F30A7922EDF094000AEA13 /* View */,
				76B4107022ED238500B993A3 /* Model */,
				76B4105622ED1D6500B993A3 /* AppDelegate.swift */,
				76B4106D22ED1DD100B993A3 /* Controller */,
				76B4105A22ED1D6500B993A3 /* Main.storyboard */,
				76B4106022ED1D6500B993A3 /* Assets.xcassets */,
				76B4106222ED1D6500B993A3 /* LaunchScreen.storyboard */,
				76B4105D22ED1D6500B993A3 /* Virtual_Tourist.xcdatamodeld */,
			);
			path = "Virtual Tourist";
			sourceTree = "<group>";
		};
		76B4106D22ED1DD100B993A3 /* Controller */ = {
			isa = PBXGroup;
			children = (
				76B4106B22ED1DAF00B993A3 /* TravelLocationMapViewController.swift */,
				76B4106E22ED1DEC00B993A3 /* PhotoAlbumViewController.swift */,
			);
			path = Controller;
			sourceTree = "<group>";
		};
		76B4107022ED238500B993A3 /* Model */ = {
			isa = PBXGroup;
			children = (
				76B4107122ED239700B993A3 /* DataController.swift */,
				76F30A7522EDD5AC000AEA13 /* FlickrClient.swift */,
				76F30A7722EDD6EB000AEA13 /* FlickerConstants.swift */,
			);
			path = Model;
			sourceTree = "<group>";
		};
		76F30A7922EDF094000AEA13 /* View */ = {
			isa = PBXGroup;
			children = (
				76F30A7A22EDF0A3000AEA13 /* LocationImageCollectionViewCell.swift */,
			);
			path = View;
			sourceTree = "<group>";
		};
/* End PBXGroup section */

/* Begin PBXNativeTarget section */
		76B4105222ED1D6500B993A3 /* Virtual Tourist */ = {
			isa = PBXNativeTarget;
			buildConfigurationList = 76B4106822ED1D6500B993A3 /* Build configuration list for PBXNativeTarget "Virtual Tourist" */;
			buildPhases = (
				76B4104F22ED1D6500B993A3 /* Sources */,
				76B4105022ED1D6500B993A3 /* Frameworks */,
				76B4105122ED1D6500B993A3 /* Resources */,
			);
			buildRules = (
			);
			dependencies = (
			);
			name = "Virtual Tourist";
			productName = "Virtual Tourist";
			productReference = 76B4105322ED1D6500B993A3 /* Virtual Tourist.app */;
			productType = "com.apple.product-type.application";
		};
/* End PBXNativeTarget section */

/* Begin PBXProject section */
		76B4104B22ED1D6500B993A3 /* Project object */ = {
			isa = PBXProject;
			attributes = {
				LastSwiftUpdateCheck = 1020;
				LastUpgradeCheck = 1020;
				ORGANIZATIONNAME = "Ahmed Afifi";
				TargetAttributes = {
					76B4105222ED1D6500B993A3 = {
						CreatedOnToolsVersion = 10.2.1;
					};
				};
			};
			buildConfigurationList = 76B4104E22ED1D6500B993A3 /* Build configuration list for PBXProject "Virtual Tourist" */;
			compatibilityVersion = "Xcode 9.3";
			developmentRegion = en;
			hasScannedForEncodings = 0;
			knownRegions = (
				en,
				Base,
			);
			mainGroup = 76B4104A22ED1D6500B993A3;
			productRefGroup = 76B4105422ED1D6500B993A3 /* Products */;
			projectDirPath = "";
			projectRoot = "";
			targets = (
				76B4105222ED1D6500B993A3 /* Virtual Tourist */,
			);
		};
/* End PBXProject section */

/* Begin PBXResourcesBuildPhase section */
		76B4105122ED1D6500B993A3 /* Resources */ = {
			isa = PBXResourcesBuildPhase;
			buildActionMask = 2147483647;
			files = (
				76B4106422ED1D6500B993A3 /* LaunchScreen.storyboard in Resources */,
				76B4106122ED1D6500B993A3 /* Assets.xcassets in Resources */,
				76B4105C22ED1D6500B993A3 /* Main.storyboard in Resources */,
			);
			runOnlyForDeploymentPostprocessing = 0;
		};
/* End PBXResourcesBuildPhase section */

/* Begin PBXSourcesBuildPhase section */
		76B4104F22ED1D6500B993A3 /* Sources */ = {
			isa = PBXSourcesBuildPhase;
			buildActionMask = 2147483647;
			files = (
				76B4107222ED239700B993A3 /* DataController.swift in Sources */,
				76B4106C22ED1DAF00B993A3 /* TravelLocationMapViewController.swift in Sources */,
				76B4105F22ED1D6500B993A3 /* Virtual_Tourist.xcdatamodeld in Sources */,
				76F30A7B22EDF0A3000AEA13 /* LocationImageCollectionViewCell.swift in Sources */,
				76F30A7822EDD6EB000AEA13 /* FlickerConstants.swift in Sources */,
				76B4106F22ED1DEC00B993A3 /* PhotoAlbumViewController.swift in Sources */,
				76B4105722ED1D6500B993A3 /* AppDelegate.swift in Sources */,
				76F30A7622EDD5AC000AEA13 /* FlickrClient.swift in Sources */,
			);
			runOnlyForDeploymentPostprocessing = 0;
		};
/* End PBXSourcesBuildPhase section */

/* Begin PBXVariantGroup section */
		76B4105A22ED1D6500B993A3 /* Main.storyboard */ = {
			isa = PBXVariantGroup;
			children = (
				76B4105B22ED1D6500B993A3 /* Base */,
			);
			name = Main.storyboard;
			sourceTree = "<group>";
		};
		76B4106222ED1D6500B993A3 /* LaunchScreen.storyboard */ = {
			isa = PBXVariantGroup;
			children = (
				76B4106322ED1D6500B993A3 /* Base */,
			);
			name = LaunchScreen.storyboard;
			sourceTree = "<group>";
		};
/* End PBXVariantGroup section */

/* Begin XCBuildConfiguration section */
		76B4106622ED1D6500B993A3 /* Debug */ = {
			isa = XCBuildConfiguration;
			buildSettings = {
				ALWAYS_SEARCH_USER_PATHS = NO;
				CLANG_ANALYZER_NONNULL = YES;
				CLANG_ANALYZER_NUMBER_OBJECT_CONVERSION = YES_AGGRESSIVE;
				CLANG_CXX_LANGUAGE_STANDARD = "gnu++14";
				CLANG_CXX_LIBRARY = "libc++";
				CLANG_ENABLE_MODULES = YES;
				CLANG_ENABLE_OBJC_ARC = YES;
				CLANG_ENABLE_OBJC_WEAK = YES;
				CLANG_WARN_BLOCK_CAPTURE_AUTORELEASING = YES;
				CLANG_WARN_BOOL_CONVERSION = YES;
				CLANG_WARN_COMMA = YES;
				CLANG_WARN_CONSTANT_CONVERSION = YES;
				CLANG_WARN_DEPRECATED_OBJC_IMPLEMENTATIONS = YES;
				CLANG_WARN_DIRECT_OBJC_ISA_USAGE = YES_ERROR;
				CLANG_WARN_DOCUMENTATION_COMMENTS = YES;
				CLANG_WARN_EMPTY_BODY = YES;
				CLANG_WARN_ENUM_CONVERSION = YES;
				CLANG_WARN_INFINITE_RECURSION = YES;
				CLANG_WARN_INT_CONVERSION = YES;
				CLANG_WARN_NON_LITERAL_NULL_CONVERSION = YES;
				CLANG_WARN_OBJC_IMPLICIT_RETAIN_SELF = YES;
				CLANG_WARN_OBJC_LITERAL_CONVERSION = YES;
				CLANG_WARN_OBJC_ROOT_CLASS = YES_ERROR;
				CLANG_WARN_RANGE_LOOP_ANALYSIS = YES;
				CLANG_WARN_STRICT_PROTOTYPES = YES;
				CLANG_WARN_SUSPICIOUS_MOVE = YES;
				CLANG_WARN_UNGUARDED_AVAILABILITY = YES_AGGRESSIVE;
				CLANG_WARN_UNREACHABLE_CODE = YES;
				CLANG_WARN__DUPLICATE_METHOD_MATCH = YES;
				CODE_SIGN_IDENTITY = "iPhone Developer";
				COPY_PHASE_STRIP = NO;
				DEBUG_INFORMATION_FORMAT = dwarf;
				ENABLE_STRICT_OBJC_MSGSEND = YES;
				ENABLE_TESTABILITY = YES;
				GCC_C_LANGUAGE_STANDARD = gnu11;
				GCC_DYNAMIC_NO_PIC = NO;
				GCC_NO_COMMON_BLOCKS = YES;
				GCC_OPTIMIZATION_LEVEL = 0;
				GCC_PREPROCESSOR_DEFINITIONS = (
					"DEBUG=1",
					"$(inherited)",
				);
				GCC_WARN_64_TO_32_BIT_CONVERSION = YES;
				GCC_WARN_ABOUT_RETURN_TYPE = YES_ERROR;
				GCC_WARN_UNDECLARED_SELECTOR = YES;
				GCC_WARN_UNINITIALIZED_AUTOS = YES_AGGRESSIVE;
				GCC_WARN_UNUSED_FUNCTION = YES;
				GCC_WARN_UNUSED_VARIABLE = YES;
				IPHONEOS_DEPLOYMENT_TARGET = 12.2;
				MTL_ENABLE_DEBUG_INFO = INCLUDE_SOURCE;
				MTL_FAST_MATH = YES;
				ONLY_ACTIVE_ARCH = YES;
				SDKROOT = iphoneos;
				SWIFT_ACTIVE_COMPILATION_CONDITIONS = DEBUG;
				SWIFT_OPTIMIZATION_LEVEL = "-Onone";
			};
			name = Debug;
		};
		76B4106722ED1D6500B993A3 /* Release */ = {
			isa = XCBuildConfiguration;
			buildSettings = {
				ALWAYS_SEARCH_USER_PATHS = NO;
				CLANG_ANALYZER_NONNULL = YES;
				CLANG_ANALYZER_NUMBER_OBJECT_CONVERSION = YES_AGGRESSIVE;
				CLANG_CXX_LANGUAGE_STANDARD = "gnu++14";
				CLANG_CXX_LIBRARY = "libc++";
				CLANG_ENABLE_MODULES = YES;
				CLANG_ENABLE_OBJC_ARC = YES;
				CLANG_ENABLE_OBJC_WEAK = YES;
				CLANG_WARN_BLOCK_CAPTURE_AUTORELEASING = YES;
				CLANG_WARN_BOOL_CONVERSION = YES;
				CLANG_WARN_COMMA = YES;
				CLANG_WARN_CONSTANT_CONVERSION = YES;
				CLANG_WARN_DEPRECATED_OBJC_IMPLEMENTATIONS = YES;
				CLANG_WARN_DIRECT_OBJC_ISA_USAGE = YES_ERROR;
				CLANG_WARN_DOCUMENTATION_COMMENTS = YES;
				CLANG_WARN_EMPTY_BODY = YES;
				CLANG_WARN_ENUM_CONVERSION = YES;
				CLANG_WARN_INFINITE_RECURSION = YES;
				CLANG_WARN_INT_CONVERSION = YES;
				CLANG_WARN_NON_LITERAL_NULL_CONVERSION = YES;
				CLANG_WARN_OBJC_IMPLICIT_RETAIN_SELF = YES;
				CLANG_WARN_OBJC_LITERAL_CONVERSION = YES;
				CLANG_WARN_OBJC_ROOT_CLASS = YES_ERROR;
				CLANG_WARN_RANGE_LOOP_ANALYSIS = YES;
				CLANG_WARN_STRICT_PROTOTYPES = YES;
				CLANG_WARN_SUSPICIOUS_MOVE = YES;
				CLANG_WARN_UNGUARDED_AVAILABILITY = YES_AGGRESSIVE;
				CLANG_WARN_UNREACHABLE_CODE = YES;
				CLANG_WARN__DUPLICATE_METHOD_MATCH = YES;
				CODE_SIGN_IDENTITY = "iPhone Developer";
				COPY_PHASE_STRIP = NO;
				DEBUG_INFORMATION_FORMAT = "dwarf-with-dsym";
				ENABLE_NS_ASSERTIONS = NO;
				ENABLE_STRICT_OBJC_MSGSEND = YES;
				GCC_C_LANGUAGE_STANDARD = gnu11;
				GCC_NO_COMMON_BLOCKS = YES;
				GCC_WARN_64_TO_32_BIT_CONVERSION = YES;
				GCC_WARN_ABOUT_RETURN_TYPE = YES_ERROR;
				GCC_WARN_UNDECLARED_SELECTOR = YES;
				GCC_WARN_UNINITIALIZED_AUTOS = YES_AGGRESSIVE;
				GCC_WARN_UNUSED_FUNCTION = YES;
				GCC_WARN_UNUSED_VARIABLE = YES;
				IPHONEOS_DEPLOYMENT_TARGET = 12.2;
				MTL_ENABLE_DEBUG_INFO = NO;
				MTL_FAST_MATH = YES;
				SDKROOT = iphoneos;
				SWIFT_COMPILATION_MODE = wholemodule;
				SWIFT_OPTIMIZATION_LEVEL = "-O";
				VALIDATE_PRODUCT = YES;
			};
			name = Release;
		};
		76B4106922ED1D6500B993A3 /* Debug */ = {
			isa = XCBuildConfiguration;
			buildSettings = {
				ASSETCATALOG_COMPILER_APPICON_NAME = AppIcon;
				CODE_SIGN_STYLE = Automatic;
				DEVELOPMENT_TEAM = 68NL7XQ986;
				INFOPLIST_FILE = "Virtual Tourist/Info.plist";
				LD_RUNPATH_SEARCH_PATHS = (
					"$(inherited)",
					"@executable_path/Frameworks",
				);
				PRODUCT_BUNDLE_IDENTIFIER = "com.AhmedAfifi.Virtual-Tourist";
				PRODUCT_NAME = "$(TARGET_NAME)";
				SWIFT_VERSION = 5.0;
				TARGETED_DEVICE_FAMILY = "1,2";
			};
			name = Debug;
		};
		76B4106A22ED1D6500B993A3 /* Release */ = {
			isa = XCBuildConfiguration;
			buildSettings = {
				ASSETCATALOG_COMPILER_APPICON_NAME = AppIcon;
				CODE_SIGN_STYLE = Automatic;
				DEVELOPMENT_TEAM = 68NL7XQ986;
				INFOPLIST_FILE = "Virtual Tourist/Info.plist";
				LD_RUNPATH_SEARCH_PATHS = (
					"$(inherited)",
					"@executable_path/Frameworks",
				);
				PRODUCT_BUNDLE_IDENTIFIER = "com.AhmedAfifi.Virtual-Tourist";
				PRODUCT_NAME = "$(TARGET_NAME)";
				SWIFT_VERSION = 5.0;
				TARGETED_DEVICE_FAMILY = "1,2";
			};
			name = Release;
		};
/* End XCBuildConfiguration section */

/* Begin XCConfigurationList section */
		76B4104E22ED1D6500B993A3 /* Build configuration list for PBXProject "Virtual Tourist" */ = {
			isa = XCConfigurationList;
			buildConfigurations = (
				76B4106622ED1D6500B993A3 /* Debug */,
				76B4106722ED1D6500B993A3 /* Release */,
			);
			defaultConfigurationIsVisible = 0;
			defaultConfigurationName = Release;
		};
		76B4106822ED1D6500B993A3 /* Build configuration list for PBXNativeTarget "Virtual Tourist" */ = {
			isa = XCConfigurationList;
			buildConfigurations = (
				76B4106922ED1D6500B993A3 /* Debug */,
				76B4106A22ED1D6500B993A3 /* Release */,
			);
			defaultConfigurationIsVisible = 0;
			defaultConfigurationName = Release;
		};
/* End XCConfigurationList section */

/* Begin XCVersionGroup section */
		76B4105D22ED1D6500B993A3 /* Virtual_Tourist.xcdatamodeld */ = {
			isa = XCVersionGroup;
			children = (
				76B4105E22ED1D6500B993A3 /* Virtual_Tourist.xcdatamodel */,
			);
			currentVersion = 76B4105E22ED1D6500B993A3 /* Virtual_Tourist.xcdatamodel */;
			path = Virtual_Tourist.xcdatamodeld;
			sourceTree = "<group>";
			versionGroupType = wrapper.xcdatamodel;
		};
/* End XCVersionGroup section */
	};
	rootObject = 76B4104B22ED1D6500B993A3 /* Project object */;
}
